
Microsoft Visual Studio Solution File, Format Version 12.00
# Visual Studio Version 17
VisualStudioVersion = 17.3.32922.545
MinimumVisualStudioVersion = 10.0.40219.1
Project("{9A19103F-16F7-4668-BE54-9A1E7A4F7556}") = "SisFaculdadeApi", "SisFaculdadeApi.csproj", "{EDE8B040-1D36-4DE4-9DAE-4D7448C89C68}"
EndProject
Global
	GlobalSection(SolutionConfigurationPlatforms) = preSolution
		Debug|Any CPU = Debug|Any CPU
		Release|Any CPU = Release|Any CPU
	EndGlobalSection
	GlobalSection(ProjectConfigurationPlatforms) = postSolution
		{EDE8B040-1D36-4DE4-9DAE-4D7448C89C68}.Debug|Any CPU.ActiveCfg = Debug|Any CPU
		{EDE8B040-1D36-4DE4-9DAE-4D7448C89C68}.Debug|Any CPU.Build.0 = Debug|Any CPU
		{EDE8B040-1D36-4DE4-9DAE-4D7448C89C68}.Release|Any CPU.ActiveCfg = Release|Any CPU
		{EDE8B040-1D36-4DE4-9DAE-4D7448C89C68}.Release|Any CPU.Build.0 = Release|Any CPU
	EndGlobalSection
	GlobalSection(SolutionProperties) = preSolution
		HideSolutionNode = FALSE
	EndGlobalSection
	GlobalSection(ExtensibilityGlobals) = postSolution
		SolutionGuid = {72196D70-9883-4037-A99E-2F2487912470}
	EndGlobalSection
EndGlobal
